
Microsoft Visual Studio Solution File, Format Version 12.00
# Visual Studio 15
VisualStudioVersion = 15.0.28307.168
MinimumVisualStudioVersion = 10.0.40219.1
Project("{FAE04EC0-301F-11D3-BF4B-00C04F79EFBC}") = "MailSender", "MailSender\MailSender.csproj", "{B51E7647-146F-449D-8E03-968DACB030DE}"
EndProject
Global
	GlobalSection(SolutionConfigurationPlatforms) = preSolution
		Debug|Any CPU = Debug|Any CPU
		Release|Any CPU = Release|Any CPU
	EndGlobalSection
	GlobalSection(ProjectConfigurationPlatforms) = postSolution
		{B51E7647-146F-449D-8E03-968DACB030DE}.Debug|Any CPU.ActiveCfg = Debug|Any CPU
		{B51E7647-146F-449D-8E03-968DACB030DE}.Debug|Any CPU.Build.0 = Debug|Any CPU
		{B51E7647-146F-449D-8E03-968DACB030DE}.Release|Any CPU.ActiveCfg = Release|Any CPU
		{B51E7647-146F-449D-8E03-968DACB030DE}.Release|Any CPU.Build.0 = Release|Any CPU
	EndGlobalSection
	GlobalSection(SolutionProperties) = preSolution
		HideSolutionNode = FALSE
	EndGlobalSection
	GlobalSection(ExtensibilityGlobals) = postSolution
		SolutionGuid = {879E69C9-C102-4B4B-90CD-ED0DC54B4F67}
	EndGlobalSection
EndGlobal
